
Microsoft Visual Studio Solution File, Format Version 12.00
# Visual Studio 2012
Project("{8BC9CEB9-8B4A-11D0-8D11-00A0C91BC942}") = "Vuforia.UnityExtensions.Editor", "Vuforia.UnityExtensions.Editor.dll", "{CC8B0F02-A7AC-45F9-B787-E86751399A9C}"
	ProjectSection(MonoDevelopProperties) = preProject
		name = Vuforia.UnityExtensions.Editor
		Configurations = $0
		$0.Configuration = $1
		$1.name = Default
		$1.OutputPath = .\
		$1.ctype = ProjectConfiguration
	EndProjectSection
EndProject
Global
	GlobalSection(SolutionConfigurationPlatforms) = preSolution
		Default|Any CPU = Default|Any CPU
	EndGlobalSection
	GlobalSection(ProjectConfigurationPlatforms) = postSolution
		{CC8B0F02-A7AC-45F9-B787-E86751399A9C}.Default|Any CPU.ActiveCfg = Default|Any CPU
		{CC8B0F02-A7AC-45F9-B787-E86751399A9C}.Default|Any CPU.Build.0 = Default|Any CPU
	EndGlobalSection
EndGlobal
